
Microsoft Visual Studio Solution File, Format Version 12.00
# Visual Studio 15
VisualStudioVersion = 15.0.26430.6
MinimumVisualStudioVersion = 10.0.40219.1
Project("{FAE04EC0-301F-11D3-BF4B-00C04F79EFBC}") = "Strafrunden", "Strafrunden\Strafrunden.csproj", "{667E9E51-16FA-44F3-B037-46CDC54D51BC}"
EndProject
Project("{FAE04EC0-301F-11D3-BF4B-00C04F79EFBC}") = "Logging", "Logging\Logging.csproj", "{E5DB01CD-3E48-4A86-BB83-4CF7C2A21291}"
EndProject
Project("{54435603-DBB4-11D2-8724-00A0C9A8B90C}") = "Setup", "Setup\Setup.vdproj", "{DD72D7B1-5EBC-4B1E-ADFA-77BF719885F6}"
EndProject
Global
	GlobalSection(SolutionConfigurationPlatforms) = preSolution
		Debug|Any CPU = Debug|Any CPU
		Release|Any CPU = Release|Any CPU
	EndGlobalSection
	GlobalSection(ProjectConfigurationPlatforms) = postSolution
		{667E9E51-16FA-44F3-B037-46CDC54D51BC}.Debug|Any CPU.ActiveCfg = Debug|Any CPU
		{667E9E51-16FA-44F3-B037-46CDC54D51BC}.Debug|Any CPU.Build.0 = Debug|Any CPU
		{667E9E51-16FA-44F3-B037-46CDC54D51BC}.Release|Any CPU.ActiveCfg = Release|Any CPU
		{667E9E51-16FA-44F3-B037-46CDC54D51BC}.Release|Any CPU.Build.0 = Release|Any CPU
		{E5DB01CD-3E48-4A86-BB83-4CF7C2A21291}.Debug|Any CPU.ActiveCfg = Debug|Any CPU
		{E5DB01CD-3E48-4A86-BB83-4CF7C2A21291}.Debug|Any CPU.Build.0 = Debug|Any CPU
		{E5DB01CD-3E48-4A86-BB83-4CF7C2A21291}.Release|Any CPU.ActiveCfg = Release|Any CPU
		{DD72D7B1-5EBC-4B1E-ADFA-77BF719885F6}.Debug|Any CPU.ActiveCfg = Debug
		{DD72D7B1-5EBC-4B1E-ADFA-77BF719885F6}.Release|Any CPU.ActiveCfg = Release
	EndGlobalSection
	GlobalSection(SolutionProperties) = preSolution
		HideSolutionNode = FALSE
	EndGlobalSection
EndGlobal
